
Microsoft Visual Studio Solution File, Format Version 12.00
# Visual Studio Version 17
VisualStudioVersion = 17.7.34009.444
MinimumVisualStudioVersion = 10.0.40219.1
Project("{FAE04EC0-301F-11D3-BF4B-00C04F79EFBC}") = "DataAccess", "DataAccess\DataAccess.csproj", "{DF451FAA-44C9-4FCD-8E5C-5B67F215BAE6}"
EndProject
Project("{FAE04EC0-301F-11D3-BF4B-00C04F79EFBC}") = "Business", "Business\Business.csproj", "{675AE892-B831-4FE9-BA14-0F321072D981}"
EndProject
Project("{FAE04EC0-301F-11D3-BF4B-00C04F79EFBC}") = "Entities", "Entities\Entities.csproj", "{E0FB1C38-A922-46E8-BC1A-5CE8107EB1AD}"
EndProject
Project("{FAE04EC0-301F-11D3-BF4B-00C04F79EFBC}") = "ConsoleUI", "ConsoleUI\ConsoleUI.csproj", "{F86D8FFA-F577-4CA7-99D0-C1B5E94903A0}"
EndProject
Global
	GlobalSection(SolutionConfigurationPlatforms) = preSolution
		Debug|Any CPU = Debug|Any CPU
		Release|Any CPU = Release|Any CPU
	EndGlobalSection
	GlobalSection(ProjectConfigurationPlatforms) = postSolution
		{DF451FAA-44C9-4FCD-8E5C-5B67F215BAE6}.Debug|Any CPU.ActiveCfg = Debug|Any CPU
		{DF451FAA-44C9-4FCD-8E5C-5B67F215BAE6}.Debug|Any CPU.Build.0 = Debug|Any CPU
		{DF451FAA-44C9-4FCD-8E5C-5B67F215BAE6}.Release|Any CPU.ActiveCfg = Release|Any CPU
		{DF451FAA-44C9-4FCD-8E5C-5B67F215BAE6}.Release|Any CPU.Build.0 = Release|Any CPU
		{675AE892-B831-4FE9-BA14-0F321072D981}.Debug|Any CPU.ActiveCfg = Debug|Any CPU
		{675AE892-B831-4FE9-BA14-0F321072D981}.Debug|Any CPU.Build.0 = Debug|Any CPU
		{675AE892-B831-4FE9-BA14-0F321072D981}.Release|Any CPU.ActiveCfg = Release|Any CPU
		{675AE892-B831-4FE9-BA14-0F321072D981}.Release|Any CPU.Build.0 = Release|Any CPU
		{E0FB1C38-A922-46E8-BC1A-5CE8107EB1AD}.Debug|Any CPU.ActiveCfg = Debug|Any CPU
		{E0FB1C38-A922-46E8-BC1A-5CE8107EB1AD}.Debug|Any CPU.Build.0 = Debug|Any CPU
		{E0FB1C38-A922-46E8-BC1A-5CE8107EB1AD}.Release|Any CPU.ActiveCfg = Release|Any CPU
		{E0FB1C38-A922-46E8-BC1A-5CE8107EB1AD}.Release|Any CPU.Build.0 = Release|Any CPU
		{F86D8FFA-F577-4CA7-99D0-C1B5E94903A0}.Debug|Any CPU.ActiveCfg = Debug|Any CPU
		{F86D8FFA-F577-4CA7-99D0-C1B5E94903A0}.Debug|Any CPU.Build.0 = Debug|Any CPU
		{F86D8FFA-F577-4CA7-99D0-C1B5E94903A0}.Release|Any CPU.ActiveCfg = Release|Any CPU
		{F86D8FFA-F577-4CA7-99D0-C1B5E94903A0}.Release|Any CPU.Build.0 = Release|Any CPU
	EndGlobalSection
	GlobalSection(SolutionProperties) = preSolution
		HideSolutionNode = FALSE
	EndGlobalSection
	GlobalSection(ExtensibilityGlobals) = postSolution
		SolutionGuid = {C25EDEBC-A8B5-4DE4-9C92-1AFE1433F8A8}
	EndGlobalSection
EndGlobal
